
Microsoft Visual Studio Solution File, Format Version 12.00
# Visual Studio Version 17
VisualStudioVersion = 17.14.37027.9
MinimumVisualStudioVersion = 10.0.40219.1
Project("{8BC9CEB8-8B4A-11D0-8D11-00A0C91BC942}") = "24Pirates_01", "24Pirates_01\24Pirates_01.vcxproj", "{61471CBA-AF91-4631-AF97-307D713ECBCE}"
EndProject
Project("{8BC9CEB8-8B4A-11D0-8D11-00A0C91BC942}") = "betacard", "betacard\betacard.vcxproj", "{6983C30A-25D2-4FF5-A67B-D66D7C4B2BC7}"
EndProject
Global
	GlobalSection(SolutionConfigurationPlatforms) = preSolution
		Debug|x64 = Debug|x64
		Debug|x86 = Debug|x86
		Release|x64 = Release|x64
		Release|x86 = Release|x86
	EndGlobalSection
	GlobalSection(ProjectConfigurationPlatforms) = postSolution
		{61471CBA-AF91-4631-AF97-307D713ECBCE}.Debug|x64.ActiveCfg = Debug|x64
		{61471CBA-AF91-4631-AF97-307D713ECBCE}.Debug|x64.Build.0 = Debug|x64
		{61471CBA-AF91-4631-AF97-307D713ECBCE}.Debug|x86.ActiveCfg = Debug|Win32
		{61471CBA-AF91-4631-AF97-307D713ECBCE}.Debug|x86.Build.0 = Debug|Win32
		{61471CBA-AF91-4631-AF97-307D713ECBCE}.Release|x64.ActiveCfg = Release|x64
		{61471CBA-AF91-4631-AF97-307D713ECBCE}.Release|x64.Build.0 = Release|x64
		{61471CBA-AF91-4631-AF97-307D713ECBCE}.Release|x86.ActiveCfg = Release|Win32
		{61471CBA-AF91-4631-AF97-307D713ECBCE}.Release|x86.Build.0 = Release|Win32
		{6983C30A-25D2-4FF5-A67B-D66D7C4B2BC7}.Debug|x64.ActiveCfg = Debug|x64
		{6983C30A-25D2-4FF5-A67B-D66D7C4B2BC7}.Debug|x64.Build.0 = Debug|x64
		{6983C30A-25D2-4FF5-A67B-D66D7C4B2BC7}.Debug|x86.ActiveCfg = Debug|Win32
		{6983C30A-25D2-4FF5-A67B-D66D7C4B2BC7}.Debug|x86.Build.0 = Debug|Win32
		{6983C30A-25D2-4FF5-A67B-D66D7C4B2BC7}.Release|x64.ActiveCfg = Release|x64
		{6983C30A-25D2-4FF5-A67B-D66D7C4B2BC7}.Release|x64.Build.0 = Release|x64
		{6983C30A-25D2-4FF5-A67B-D66D7C4B2BC7}.Release|x86.ActiveCfg = Release|Win32
		{6983C30A-25D2-4FF5-A67B-D66D7C4B2BC7}.Release|x86.Build.0 = Release|Win32
	EndGlobalSection
	GlobalSection(SolutionProperties) = preSolution
		HideSolutionNode = FALSE
	EndGlobalSection
	GlobalSection(ExtensibilityGlobals) = postSolution
		SolutionGuid = {A4414C15-29CD-4804-93A2-6B7B0C67E5C1}
	EndGlobalSection
EndGlobal
